
Microsoft Visual Studio Solution File, Format Version 12.00
# Visual Studio Version 16
VisualStudioVersion = 25.0.1706.1
MinimumVisualStudioVersion = 10.0.40219.1
Project("{FAE04EC0-301F-11D3-BF4B-00C04F79EFBC}") = "Learning", "Learning\Learning.csproj", "{28C2B92D-86AE-4C33-AA7A-C1B64E417FAF}"
EndProject
Global
	GlobalSection(SolutionConfigurationPlatforms) = preSolution
		Debug|Any CPU = Debug|Any CPU
		Release|Any CPU = Release|Any CPU
	EndGlobalSection
	GlobalSection(ProjectConfigurationPlatforms) = postSolution
		{28C2B92D-86AE-4C33-AA7A-C1B64E417FAF}.Debug|Any CPU.ActiveCfg = Debug|Any CPU
		{28C2B92D-86AE-4C33-AA7A-C1B64E417FAF}.Debug|Any CPU.Build.0 = Debug|Any CPU
		{28C2B92D-86AE-4C33-AA7A-C1B64E417FAF}.Release|Any CPU.ActiveCfg = Release|Any CPU
		{28C2B92D-86AE-4C33-AA7A-C1B64E417FAF}.Release|Any CPU.Build.0 = Release|Any CPU
	EndGlobalSection
	GlobalSection(SolutionProperties) = preSolution
		HideSolutionNode = FALSE
	EndGlobalSection
	GlobalSection(ExtensibilityGlobals) = postSolution
		SolutionGuid = {EA842B7A-0F09-4754-A2F7-F15D3176BC66}
	EndGlobalSection
EndGlobal
